PODS:
  - CliqIt (2.0.1):
    - CliqIt/Core (= 2.0.1)
    - CliqIt/SwiftUI (= 2.0.1)
  - CliqIt/Core (2.0.1)
  - CliqIt/SwiftUI (2.0.1):
    - CliqIt/Core

DEPENDENCIES:
  - CliqIt (from `./CliqIt`)

EXTERNAL SOURCES:
  CliqIt:
    :path: "./CliqIt"

SPEC CHECKSUMS:
  CliqIt: 7f48ffa967620eaba35970a182aca20e4f15ab67

PODFILE CHECKSUM: ee0aecba4d715fe19db0a6f6597e033694d65a37

COCOAPODS: 1.16.2
