PODS:
  - MRTDeepLinkSDK (0.6.0):
    - MRTDeepLinkSDK/Core (= 0.6.0)
    - MRTDeepLinkSDK/SwiftUI (= 0.6.0)
  - MRTDeepLinkSDK/Core (0.6.0)
  - MRTDeepLinkSDK/SwiftUI (0.6.0):
    - MRTDeepLinkSDK/Core

DEPENDENCIES:
  - MRTDeepLinkSDK (from `./MRTDeepLinkSDK`)

EXTERNAL SOURCES:
  MRTDeepLinkSDK:
    :path: "./MRTDeepLinkSDK"

SPEC CHECKSUMS:
  MRTDeepLinkSDK: ecaaf3e5fc5fc57739f4ebca74a9f1c39ce5162a

PODFILE CHECKSUM: 9d12941b2681ef59e715658ef9fd1ad936c535c8

COCOAPODS: 1.16.2
