// !$*UTF8*$!
{
	archiveVersion = 1;
	classes = {
	};
	objectVersion = 77;
	objects = {

/* Begin PBXContainerItemProxy section */
		93ECDFDC2FDFC03A00B67C81 /* PBXContainerItemProxy */ = {
			isa = PBXContainerItemProxy;
			containerPortal = 93ECDFC62FDFC03900B67C81 /* Project object */;
			proxyType = 1;
			remoteGlobalIDString = 93ECDFCD2FDFC03900B67C81;
			remoteInfo = MRTDeepLink;
		};
		93ECDFE62FDFC03A00B67C81 /* PBXContainerItemProxy */ = {
			isa = PBXContainerItemProxy;
			containerPortal = 93ECDFC62FDFC03900B67C81 /* Project object */;
			proxyType = 1;
			remoteGlobalIDString = 93ECDFCD2FDFC03900B67C81;
			remoteInfo = MRTDeepLink;
		};
/* End PBXContainerItemProxy section */

/* Begin PBXFileReference section */
		93ECDFCE2FDFC03900B67C81 /* MRTDeepLink.app */ = {isa = PBXFileReference; explicitFileType = wrapper.application; includeInIndex = 0; path = MRTDeepLink.app; sourceTree = BUILT_PRODUCTS_DIR; };
		93ECDFDB2FDFC03A00B67C81 /* MRTDeepLinkTests.xctest */ = {isa = PBXFileReference; explicitFileType = wrapper.cfbundle; includeInIndex = 0; path = MRTDeepLinkTests.xctest; sourceTree = BUILT_PRODUCTS_DIR; };
		93ECDFE52FDFC03A00B67C81 /* MRTDeepLinkUITests.xctest */ = {isa = PBXFileReference; explicitFileType = wrapper.cfbundle; includeInIndex = 0; path = MRTDeepLinkUITests.xctest; sourceTree = BUILT_PRODUCTS_DIR; };
/* End PBXFileReference section */

/* Begin PBXFileSystemSynchronizedRootGroup section */
		93ECDFD02FDFC03900B67C81 /* MRTDeepLink */ = {
			isa = PBXFileSystemSynchronizedRootGroup;
			path = MRTDeepLink;
			sourceTree = "<group>";
		};
		93ECDFDE2FDFC03A00B67C81 /* MRTDeepLinkTests */ = {
			isa = PBXFileSystemSynchronizedRootGroup;
			path = MRTDeepLinkTests;
			sourceTree = "<group>";
		};
		93ECDFE82FDFC03A00B67C81 /* MRTDeepLinkUITests */ = {
			isa = PBXFileSystemSynchronizedRootGroup;
			path = MRTDeepLinkUITests;
			sourceTree = "<group>";
		};
/* End PBXFileSystemSynchronizedRootGroup section */

/* Begin PBXFrameworksBuildPhase section */
		93ECDFCB2FDFC03900B67C81 /* Frameworks */ = {
			isa = PBXFrameworksBuildPhase;
			buildActionMask = 2147483647;
			files = (
			);
			runOnlyForDeploymentPostprocessing = 0;
		};
		93ECDFD82FDFC03A00B67C81 /* Frameworks */ = {
			isa = PBXFrameworksBuildPhase;
			buildActionMask = 2147483647;
			files = (
			);
			runOnlyForDeploymentPostprocessing = 0;
		};
		93ECDFE22FDFC03A00B67C81 /* Frameworks */ = {
			isa = PBXFrameworksBuildPhase;
			buildActionMask = 2147483647;
			files = (
			);
			runOnlyForDeploymentPostprocessing = 0;
		};
/* End PBXFrameworksBuildPhase section */

/* Begin PBXGroup section */
		93ECDFC52FDFC03900B67C81 = {
			isa = PBXGroup;
			children = (
				93ECDFD02FDFC03900B67C81 /* MRTDeepLink */,
				93ECDFDE2FDFC03A00B67C81 /* MRTDeepLinkTests */,
				93ECDFE82FDFC03A00B67C81 /* MRTDeepLinkUITests */,
				93ECDFCF2FDFC03900B67C81 /* Products */,
			);
			sourceTree = "<group>";
		};
		93ECDFCF2FDFC03900B67C81 /* Products */ = {
			isa = PBXGroup;
			children = (
				93ECDFCE2FDFC03900B67C81 /* MRTDeepLink.app */,
				93ECDFDB2FDFC03A00B67C81 /* MRTDeepLinkTests.xctest */,
				93ECDFE52FDFC03A00B67C81 /* MRTDeepLinkUITests.xctest */,
			);
			name = Products;
			sourceTree = "<group>";
		};
/* End PBXGroup section */

/* Begin PBXNativeTarget section */
		93ECDFCD2FDFC03900B67C81 /* MRTDeepLink */ = {
			isa = PBXNativeTarget;
			buildConfigurationList = 93ECDFEF2FDFC03A00B67C81 /* Build configuration list for PBXNativeTarget "MRTDeepLink" */;
			buildPhases = (
				93ECDFCA2FDFC03900B67C81 /* Sources */,
				93ECDFCB2FDFC03900B67C81 /* Frameworks */,
				93ECDFCC2FDFC03900B67C81 /* Resources */,
			);
			buildRules = (
			);
			dependencies = (
			);
			fileSystemSynchronizedGroups = (
				93ECDFD02FDFC03900B67C81 /* MRTDeepLink */,
			);
			name = MRTDeepLink;
			packageProductDependencies = (
			);
			productName = MRTDeepLink;
			productReference = 93ECDFCE2FDFC03900B67C81 /* MRTDeepLink.app */;
			productType = "com.apple.product-type.application";
		};
		93ECDFDA2FDFC03A00B67C81 /* MRTDeepLinkTests */ = {
			isa = PBXNativeTarget;
			buildConfigurationList = 93ECDFF22FDFC03A00B67C81 /* Build configuration list for PBXNativeTarget "MRTDeepLinkTests" */;
			buildPhases = (
				93ECDFD72FDFC03A00B67C81 /* Sources */,
				93ECDFD82FDFC03A00B67C81 /* Frameworks */,
				93ECDFD92FDFC03A00B67C81 /* Resources */,
			);
			buildRules = (
			);
			dependencies = (
				93ECDFDD2FDFC03A00B67C81 /* PBXTargetDependency */,
			);
			fileSystemSynchronizedGroups = (
				93ECDFDE2FDFC03A00B67C81 /* MRTDeepLinkTests */,
			);
			name = MRTDeepLinkTests;
			packageProductDependencies = (
			);
			productName = MRTDeepLinkTests;
			productReference = 93ECDFDB2FDFC03A00B67C81 /* MRTDeepLinkTests.xctest */;
			productType = "com.apple.product-type.bundle.unit-test";
		};
		93ECDFE42FDFC03A00B67C81 /* MRTDeepLinkUITests */ = {
			isa = PBXNativeTarget;
			buildConfigurationList = 93ECDFF52FDFC03A00B67C81 /* Build configuration list for PBXNativeTarget "MRTDeepLinkUITests" */;
			buildPhases = (
				93ECDFE12FDFC03A00B67C81 /* Sources */,
				93ECDFE22FDFC03A00B67C81 /* Frameworks */,
				93ECDFE32FDFC03A00B67C81 /* Resources */,
			);
			buildRules = (
			);
			dependencies = (
				93ECDFE72FDFC03A00B67C81 /* PBXTargetDependency */,
			);
			fileSystemSynchronizedGroups = (
				93ECDFE82FDFC03A00B67C81 /* MRTDeepLinkUITests */,
			);
			name = MRTDeepLinkUITests;
			packageProductDependencies = (
			);
			productName = MRTDeepLinkUITests;
			productReference = 93ECDFE52FDFC03A00B67C81 /* MRTDeepLinkUITests.xctest */;
			productType = "com.apple.product-type.bundle.ui-testing";
		};
/* End PBXNativeTarget section */

/* Begin PBXProject section */
		93ECDFC62FDFC03900B67C81 /* Project object */ = {
			isa = PBXProject;
			attributes = {
				BuildIndependentTargetsInParallel = 1;
				LastSwiftUpdateCheck = 2610;
				LastUpgradeCheck = 2610;
				TargetAttributes = {
					93ECDFCD2FDFC03900B67C81 = {
						CreatedOnToolsVersion = 26.1.1;
					};
					93ECDFDA2FDFC03A00B67C81 = {
						CreatedOnToolsVersion = 26.1.1;
						TestTargetID = 93ECDFCD2FDFC03900B67C81;
					};
					93ECDFE42FDFC03A00B67C81 = {
						CreatedOnToolsVersion = 26.1.1;
						TestTargetID = 93ECDFCD2FDFC03900B67C81;
					};
				};
			};
			buildConfigurationList = 93ECDFC92FDFC03900B67C81 /* Build configuration list for PBXProject "MRTDeepLink" */;
			developmentRegion = en;
			hasScannedForEncodings = 0;
			knownRegions = (
				en,
				Base,
			);
			mainGroup = 93ECDFC52FDFC03900B67C81;
			minimizedProjectReferenceProxies = 1;
			preferredProjectObjectVersion = 77;
			productRefGroup = 93ECDFCF2FDFC03900B67C81 /* Products */;
			projectDirPath = "";
			projectRoot = "";
			targets = (
				93ECDFCD2FDFC03900B67C81 /* MRTDeepLink */,
				93ECDFDA2FDFC03A00B67C81 /* MRTDeepLinkTests */,
				93ECDFE42FDFC03A00B67C81 /* MRTDeepLinkUITests */,
			);
		};
/* End PBXProject section */

/* Begin PBXResourcesBuildPhase section */
		93ECDFCC2FDFC03900B67C81 /* Resources */ = {
			isa = PBXResourcesBuildPhase;
			buildActionMask = 2147483647;
			files = (
			);
			runOnlyForDeploymentPostprocessing = 0;
		};
		93ECDFD92FDFC03A00B67C81 /* Resources */ = {
			isa = PBXResourcesBuildPhase;
			buildActionMask = 2147483647;
			files = (
			);
			runOnlyForDeploymentPostprocessing = 0;
		};
		93ECDFE32FDFC03A00B67C81 /* Resources */ = {
			isa = PBXResourcesBuildPhase;
			buildActionMask = 2147483647;
			files = (
			);
			runOnlyForDeploymentPostprocessing = 0;
		};
/* End PBXResourcesBuildPhase section */

/* Begin PBXSourcesBuildPhase section */
		93ECDFCA2FDFC03900B67C81 /* Sources */ = {
			isa = PBXSourcesBuildPhase;
			buildActionMask = 2147483647;
			files = (
			);
			runOnlyForDeploymentPostprocessing = 0;
		};
		93ECDFD72FDFC03A00B67C81 /* Sources */ = {
			isa = PBXSourcesBuildPhase;
			buildActionMask = 2147483647;
			files = (
			);
			runOnlyForDeploymentPostprocessing = 0;
		};
		93ECDFE12FDFC03A00B67C81 /* Sources */ = {
			isa = PBXSourcesBuildPhase;
			buildActionMask = 2147483647;
			files = (
			);
			runOnlyForDeploymentPostprocessing = 0;
		};
/* End PBXSourcesBuildPhase section */

/* Begin PBXTargetDependency section */
		93ECDFDD2FDFC03A00B67C81 /* PBXTargetDependency */ = {
			isa = PBXTargetDependency;
			target = 93ECDFCD2FDFC03900B67C81 /* MRTDeepLink */;
			targetProxy = 93ECDFDC2FDFC03A00B67C81 /* PBXContainerItemProxy */;
		};
		93ECDFE72FDFC03A00B67C81 /* PBXTargetDependency */ = {
			isa = PBXTargetDependency;
			target = 93ECDFCD2FDFC03900B67C81 /* MRTDeepLink */;
			targetProxy = 93ECDFE62FDFC03A00B67C81 /* PBXContainerItemProxy */;
		};
/* End PBXTargetDependency section */

/* Begin XCBuildConfiguration section */
		93ECDFED2FDFC03A00B67C81 /* Debug */ = {
			isa = XCBuildConfiguration;
			buildSettings = {
				ALWAYS_SEARCH_USER_PATHS = NO;
				ASSETCATALOG_COMPILER_GENERATE_SWIFT_ASSET_SYMBOL_EXTENSIONS = YES;
				CLANG_ANALYZER_NONNULL = YES;
				CLANG_ANALYZER_NUMBER_OBJECT_CONVERSION = YES_AGGRESSIVE;
				CLANG_CXX_LANGUAGE_STANDARD = "gnu++20";
				CLANG_ENABLE_MODULES = YES;
				CLANG_ENABLE_OBJC_ARC = YES;
				CLANG_ENABLE_OBJC_WEAK = YES;
				CLANG_WARN_BLOCK_CAPTURE_AUTORELEASING = YES;
				CLANG_WARN_BOOL_CONVERSION = YES;
				CLANG_WARN_COMMA = YES;
				CLANG_WARN_CONSTANT_CONVERSION = YES;
				CLANG_WARN_DEPRECATED_OBJC_IMPLEMENTATIONS = YES;
				CLANG_WARN_DIRECT_OBJC_ISA_USAGE = YES_ERROR;
				CLANG_WARN_DOCUMENTATION_COMMENTS = YES;
				CLANG_WARN_EMPTY_BODY = YES;
				CLANG_WARN_ENUM_CONVERSION = YES;
				CLANG_WARN_INFINITE_RECURSION = YES;
				CLANG_WARN_INT_CONVERSION = YES;
				CLANG_WARN_NON_LITERAL_NULL_CONVERSION = YES;
				CLANG_WARN_OBJC_IMPLICIT_RETAIN_SELF = YES;
				CLANG_WARN_OBJC_LITERAL_CONVERSION = YES;
				CLANG_WARN_OBJC_ROOT_CLASS = YES_ERROR;
				CLANG_WARN_QUOTED_INCLUDE_IN_FRAMEWORK_HEADER = YES;
				CLANG_WARN_RANGE_LOOP_ANALYSIS = YES;
				CLANG_WARN_STRICT_PROTOTYPES = YES;
				CLANG_WARN_SUSPICIOUS_MOVE = YES;
				CLANG_WARN_UNGUARDED_AVAILABILITY = YES_AGGRESSIVE;
				CLANG_WARN_UNREACHABLE_CODE = YES;
				CLANG_WARN__DUPLICATE_METHOD_MATCH = YES;
				COPY_PHASE_STRIP = NO;
				DEBUG_INFORMATION_FORMAT = dwarf;
				ENABLE_STRICT_OBJC_MSGSEND = YES;
				ENABLE_TESTABILITY = YES;
				ENABLE_USER_SCRIPT_SANDBOXING = YES;
				GCC_C_LANGUAGE_STANDARD = gnu17;
				GCC_DYNAMIC_NO_PIC = NO;
				GCC_NO_COMMON_BLOCKS = YES;
				GCC_OPTIMIZATION_LEVEL = 0;
				GCC_PREPROCESSOR_DEFINITIONS = (
					"DEBUG=1",
					"$(inherited)",
				);
				GCC_WARN_64_TO_32_BIT_CONVERSION = YES;
				GCC_WARN_ABOUT_RETURN_TYPE = YES_ERROR;
				GCC_WARN_UNDECLARED_SELECTOR = YES;
				GCC_WARN_UNINITIALIZED_AUTOS = YES_AGGRESSIVE;
				GCC_WARN_UNUSED_FUNCTION = YES;
				GCC_WARN_UNUSED_VARIABLE = YES;
				IPHONEOS_DEPLOYMENT_TARGET = 26.1;
				LOCALIZATION_PREFERS_STRING_CATALOGS = YES;
				MTL_ENABLE_DEBUG_INFO = INCLUDE_SOURCE;
				MTL_FAST_MATH = YES;
				ONLY_ACTIVE_ARCH = YES;
				SDKROOT = iphoneos;
				SWIFT_ACTIVE_COMPILATION_CONDITIONS = "DEBUG $(inherited)";
				SWIFT_OPTIMIZATION_LEVEL = "-Onone";
			};
			name = Debug;
		};
		93ECDFEE2FDFC03A00B67C81 /* Release */ = {
			isa = XCBuildConfiguration;
			buildSettings = {
				ALWAYS_SEARCH_USER_PATHS = NO;
				ASSETCATALOG_COMPILER_GENERATE_SWIFT_ASSET_SYMBOL_EXTENSIONS = YES;
				CLANG_ANALYZER_NONNULL = YES;
				CLANG_ANALYZER_NUMBER_OBJECT_CONVERSION = YES_AGGRESSIVE;
				CLANG_CXX_LANGUAGE_STANDARD = "gnu++20";
				CLANG_ENABLE_MODULES = YES;
				CLANG_ENABLE_OBJC_ARC = YES;
				CLANG_ENABLE_OBJC_WEAK = YES;
				CLANG_WARN_BLOCK_CAPTURE_AUTORELEASING = YES;
				CLANG_WARN_BOOL_CONVERSION = YES;
				CLANG_WARN_COMMA = YES;
				CLANG_WARN_CONSTANT_CONVERSION = YES;
				CLANG_WARN_DEPRECATED_OBJC_IMPLEMENTATIONS = YES;
				CLANG_WARN_DIRECT_OBJC_ISA_USAGE = YES_ERROR;
				CLANG_WARN_DOCUMENTATION_COMMENTS = YES;
				CLANG_WARN_EMPTY_BODY = YES;
				CLANG_WARN_ENUM_CONVERSION = YES;
				CLANG_WARN_INFINITE_RECURSION = YES;
				CLANG_WARN_INT_CONVERSION = YES;
				CLANG_WARN_NON_LITERAL_NULL_CONVERSION = YES;
				CLANG_WARN_OBJC_IMPLICIT_RETAIN_SELF = YES;
				CLANG_WARN_OBJC_LITERAL_CONVERSION = YES;
				CLANG_WARN_OBJC_ROOT_CLASS = YES_ERROR;
				CLANG_WARN_QUOTED_INCLUDE_IN_FRAMEWORK_HEADER = YES;
				CLANG_WARN_RANGE_LOOP_ANALYSIS = YES;
				CLANG_WARN_STRICT_PROTOTYPES = YES;
				CLANG_WARN_SUSPICIOUS_MOVE = YES;
				CLANG_WARN_UNGUARDED_AVAILABILITY = YES_AGGRESSIVE;
				CLANG_WARN_UNREACHABLE_CODE = YES;
				CLANG_WARN__DUPLICATE_METHOD_MATCH = YES;
				COPY_PHASE_STRIP = NO;
				DEBUG_INFORMATION_FORMAT = "dwarf-with-dsym";
				ENABLE_NS_ASSERTIONS = NO;
				ENABLE_STRICT_OBJC_MSGSEND = YES;
				ENABLE_USER_SCRIPT_SANDBOXING = YES;
				GCC_C_LANGUAGE_STANDARD = gnu17;
				GCC_NO_COMMON_BLOCKS = YES;
				GCC_WARN_64_TO_32_BIT_CONVERSION = YES;
				GCC_WARN_ABOUT_RETURN_TYPE = YES_ERROR;
				GCC_WARN_UNDECLARED_SELECTOR = YES;
				GCC_WARN_UNINITIALIZED_AUTOS = YES_AGGRESSIVE;
				GCC_WARN_UNUSED_FUNCTION = YES;
				GCC_WARN_UNUSED_VARIABLE = YES;
				IPHONEOS_DEPLOYMENT_TARGET = 26.1;
				LOCALIZATION_PREFERS_STRING_CATALOGS = YES;
				MTL_ENABLE_DEBUG_INFO = NO;
				MTL_FAST_MATH = YES;
				SDKROOT = iphoneos;
				SWIFT_COMPILATION_MODE = wholemodule;
				VALIDATE_PRODUCT = YES;
			};
			name = Release;
		};
		93ECDFF02FDFC03A00B67C81 /* Debug */ = {
			isa = XCBuildConfiguration;
			buildSettings = {
				ASSETCATALOG_COMPILER_APPICON_NAME = AppIcon;
				ASSETCATALOG_COMPILER_GLOBAL_ACCENT_COLOR_NAME = AccentColor;
				CODE_SIGN_STYLE = Automatic;
				CURRENT_PROJECT_VERSION = 1;
				ENABLE_PREVIEWS = YES;
				GENERATE_INFOPLIST_FILE = YES;
				INFOPLIST_KEY_UIApplicationSceneManifest_Generation = YES;
				INFOPLIST_KEY_UIApplicationSupportsIndirectInputEvents = YES;
				INFOPLIST_KEY_UILaunchScreen_Generation = YES;
				INFOPLIST_KEY_UISupportedInterfaceOrientations_iPad = "UIInterfaceOrientationPortrait UIInterfaceOrientationPortraitUpsideDown UIInterfaceOrientationLandscapeLeft UIInterfaceOrientationLandscapeRight";
				INFOPLIST_KEY_UISupportedInterfaceOrientations_iPhone = "UIInterfaceOrientationPortrait UIInterfaceOrientationLandscapeLeft UIInterfaceOrientationLandscapeRight";
				LD_RUNPATH_SEARCH_PATHS = (
					"$(inherited)",
					"@executable_path/Frameworks",
				);
				MARKETING_VERSION = 1.0;
				PRODUCT_BUNDLE_IDENTIFIER = MindRoots.MRTDeepLink;
				PRODUCT_NAME = "$(TARGET_NAME)";
				STRING_CATALOG_GENERATE_SYMBOLS = YES;
				SWIFT_APPROACHABLE_CONCURRENCY = YES;
				SWIFT_DEFAULT_ACTOR_ISOLATION = MainActor;
				SWIFT_EMIT_LOC_STRINGS = YES;
				SWIFT_UPCOMING_FEATURE_MEMBER_IMPORT_VISIBILITY = YES;
				SWIFT_VERSION = 5.0;
				TARGETED_DEVICE_FAMILY = "1,2";
			};
			name = Debug;
		};
		93ECDFF12FDFC03A00B67C81 /* Release */ = {
			isa = XCBuildConfiguration;
			buildSettings = {
				ASSETCATALOG_COMPILER_APPICON_NAME = AppIcon;
				ASSETCATALOG_COMPILER_GLOBAL_ACCENT_COLOR_NAME = AccentColor;
				CODE_SIGN_STYLE = Automatic;
				CURRENT_PROJECT_VERSION = 1;
				ENABLE_PREVIEWS = YES;
				GENERATE_INFOPLIST_FILE = YES;
				INFOPLIST_KEY_UIApplicationSceneManifest_Generation = YES;
				INFOPLIST_KEY_UIApplicationSupportsIndirectInputEvents = YES;
				INFOPLIST_KEY_UILaunchScreen_Generation = YES;
				INFOPLIST_KEY_UISupportedInterfaceOrientations_iPad = "UIInterfaceOrientationPortrait UIInterfaceOrientationPortraitUpsideDown UIInterfaceOrientationLandscapeLeft UIInterfaceOrientationLandscapeRight";
				INFOPLIST_KEY_UISupportedInterfaceOrientations_iPhone = "UIInterfaceOrientationPortrait UIInterfaceOrientationLandscapeLeft UIInterfaceOrientationLandscapeRight";
				LD_RUNPATH_SEARCH_PATHS = (
					"$(inherited)",
					"@executable_path/Frameworks",
				);
				MARKETING_VERSION = 1.0;
				PRODUCT_BUNDLE_IDENTIFIER = MindRoots.MRTDeepLink;
				PRODUCT_NAME = "$(TARGET_NAME)";
				STRING_CATALOG_GENERATE_SYMBOLS = YES;
				SWIFT_APPROACHABLE_CONCURRENCY = YES;
				SWIFT_DEFAULT_ACTOR_ISOLATION = MainActor;
				SWIFT_EMIT_LOC_STRINGS = YES;
				SWIFT_UPCOMING_FEATURE_MEMBER_IMPORT_VISIBILITY = YES;
				SWIFT_VERSION = 5.0;
				TARGETED_DEVICE_FAMILY = "1,2";
			};
			name = Release;
		};
		93ECDFF32FDFC03A00B67C81 /* Debug */ = {
			isa = XCBuildConfiguration;
			buildSettings = {
				BUNDLE_LOADER = "$(TEST_HOST)";
				CODE_SIGN_STYLE = Automatic;
				CURRENT_PROJECT_VERSION = 1;
				GENERATE_INFOPLIST_FILE = YES;
				IPHONEOS_DEPLOYMENT_TARGET = 26.1;
				MARKETING_VERSION = 1.0;
				PRODUCT_BUNDLE_IDENTIFIER = MindRoots.MRTDeepLinkTests;
				PRODUCT_NAME = "$(TARGET_NAME)";
				STRING_CATALOG_GENERATE_SYMBOLS = NO;
				SWIFT_APPROACHABLE_CONCURRENCY = YES;
				SWIFT_EMIT_LOC_STRINGS = NO;
				SWIFT_UPCOMING_FEATURE_MEMBER_IMPORT_VISIBILITY = YES;
				SWIFT_VERSION = 5.0;
				TARGETED_DEVICE_FAMILY = "1,2";
				TEST_HOST = "$(BUILT_PRODUCTS_DIR)/MRTDeepLink.app/$(BUNDLE_EXECUTABLE_FOLDER_PATH)/MRTDeepLink";
			};
			name = Debug;
		};
		93ECDFF42FDFC03A00B67C81 /* Release */ = {
			isa = XCBuildConfiguration;
			buildSettings = {
				BUNDLE_LOADER = "$(TEST_HOST)";
				CODE_SIGN_STYLE = Automatic;
				CURRENT_PROJECT_VERSION = 1;
				GENERATE_INFOPLIST_FILE = YES;
				IPHONEOS_DEPLOYMENT_TARGET = 26.1;
				MARKETING_VERSION = 1.0;
				PRODUCT_BUNDLE_IDENTIFIER = MindRoots.MRTDeepLinkTests;
				PRODUCT_NAME = "$(TARGET_NAME)";
				STRING_CATALOG_GENERATE_SYMBOLS = NO;
				SWIFT_APPROACHABLE_CONCURRENCY = YES;
				SWIFT_EMIT_LOC_STRINGS = NO;
				SWIFT_UPCOMING_FEATURE_MEMBER_IMPORT_VISIBILITY = YES;
				SWIFT_VERSION = 5.0;
				TARGETED_DEVICE_FAMILY = "1,2";
				TEST_HOST = "$(BUILT_PRODUCTS_DIR)/MRTDeepLink.app/$(BUNDLE_EXECUTABLE_FOLDER_PATH)/MRTDeepLink";
			};
			name = Release;
		};
		93ECDFF62FDFC03A00B67C81 /* Debug */ = {
			isa = XCBuildConfiguration;
			buildSettings = {
				CODE_SIGN_STYLE = Automatic;
				CURRENT_PROJECT_VERSION = 1;
				GENERATE_INFOPLIST_FILE = YES;
				MARKETING_VERSION = 1.0;
				PRODUCT_BUNDLE_IDENTIFIER = MindRoots.MRTDeepLinkUITests;
				PRODUCT_NAME = "$(TARGET_NAME)";
				STRING_CATALOG_GENERATE_SYMBOLS = NO;
				SWIFT_APPROACHABLE_CONCURRENCY = YES;
				SWIFT_EMIT_LOC_STRINGS = NO;
				SWIFT_UPCOMING_FEATURE_MEMBER_IMPORT_VISIBILITY = YES;
				SWIFT_VERSION = 5.0;
				TARGETED_DEVICE_FAMILY = "1,2";
				TEST_TARGET_NAME = MRTDeepLink;
			};
			name = Debug;
		};
		93ECDFF72FDFC03A00B67C81 /* Release */ = {
			isa = XCBuildConfiguration;
			buildSettings = {
				CODE_SIGN_STYLE = Automatic;
				CURRENT_PROJECT_VERSION = 1;
				GENERATE_INFOPLIST_FILE = YES;
				MARKETING_VERSION = 1.0;
				PRODUCT_BUNDLE_IDENTIFIER = MindRoots.MRTDeepLinkUITests;
				PRODUCT_NAME = "$(TARGET_NAME)";
				STRING_CATALOG_GENERATE_SYMBOLS = NO;
				SWIFT_APPROACHABLE_CONCURRENCY = YES;
				SWIFT_EMIT_LOC_STRINGS = NO;
				SWIFT_UPCOMING_FEATURE_MEMBER_IMPORT_VISIBILITY = YES;
				SWIFT_VERSION = 5.0;
				TARGETED_DEVICE_FAMILY = "1,2";
				TEST_TARGET_NAME = MRTDeepLink;
			};
			name = Release;
		};
/* End XCBuildConfiguration section */

/* Begin XCConfigurationList section */
		93ECDFC92FDFC03900B67C81 /* Build configuration list for PBXProject "MRTDeepLink" */ = {
			isa = XCConfigurationList;
			buildConfigurations = (
				93ECDFED2FDFC03A00B67C81 /* Debug */,
				93ECDFEE2FDFC03A00B67C81 /* Release */,
			);
			defaultConfigurationIsVisible = 0;
			defaultConfigurationName = Release;
		};
		93ECDFEF2FDFC03A00B67C81 /* Build configuration list for PBXNativeTarget "MRTDeepLink" */ = {
			isa = XCConfigurationList;
			buildConfigurations = (
				93ECDFF02FDFC03A00B67C81 /* Debug */,
				93ECDFF12FDFC03A00B67C81 /* Release */,
			);
			defaultConfigurationIsVisible = 0;
			defaultConfigurationName = Release;
		};
		93ECDFF22FDFC03A00B67C81 /* Build configuration list for PBXNativeTarget "MRTDeepLinkTests" */ = {
			isa = XCConfigurationList;
			buildConfigurations = (
				93ECDFF32FDFC03A00B67C81 /* Debug */,
				93ECDFF42FDFC03A00B67C81 /* Release */,
			);
			defaultConfigurationIsVisible = 0;
			defaultConfigurationName = Release;
		};
		93ECDFF52FDFC03A00B67C81 /* Build configuration list for PBXNativeTarget "MRTDeepLinkUITests" */ = {
			isa = XCConfigurationList;
			buildConfigurations = (
				93ECDFF62FDFC03A00B67C81 /* Debug */,
				93ECDFF72FDFC03A00B67C81 /* Release */,
			);
			defaultConfigurationIsVisible = 0;
			defaultConfigurationName = Release;
		};
/* End XCConfigurationList section */
	};
	rootObject = 93ECDFC62FDFC03900B67C81 /* Project object */;
}
