// !$*UTF8*$!
{
	archiveVersion = 1;
	classes = {
	};
	objectVersion = 77;
	objects = {

/* Begin PBXBuildFile section */
		0680FC788A76E533D8847C7A /* Pods_MRTDeepLinkUITests.framework in Frameworks */ = {isa = PBXBuildFile; fileRef = 368A0543092C7CA14B713E8F /* Pods_MRTDeepLinkUITests.framework */; };
		13C668F6ABE93178E71B3A19 /* Pods_MRTDeepLink.framework in Frameworks */ = {isa = PBXBuildFile; fileRef = D17958F118084C4ABD1FD4D6 /* Pods_MRTDeepLink.framework */; };
		A76B799D988E6E6D2C8A7793 /* Pods_MRTDeepLinkTests.framework in Frameworks */ = {isa = PBXBuildFile; fileRef = 9A3876C570E6FB9E46A6DEBD /* Pods_MRTDeepLinkTests.framework */; };
/* End PBXBuildFile section */

/* Begin PBXContainerItemProxy section */
		93ECDFDC2FDFC03A00B67C81 /* PBXContainerItemProxy */ = {
			isa = PBXContainerItemProxy;
			containerPortal = 93ECDFC62FDFC03900B67C81 /* Project object */;
			proxyType = 1;
			remoteGlobalIDString = 93ECDFCD2FDFC03900B67C81;
			remoteInfo = CliqIt;
		};
		93ECDFE62FDFC03A00B67C81 /* PBXContainerItemProxy */ = {
			isa = PBXContainerItemProxy;
			containerPortal = 93ECDFC62FDFC03900B67C81 /* Project object */;
			proxyType = 1;
			remoteGlobalIDString = 93ECDFCD2FDFC03900B67C81;
			remoteInfo = CliqIt;
		};
/* End PBXContainerItemProxy section */

/* Begin PBXFileReference section */
		1E332DC291DBFFD0B41A02DF /* Pods-MRTDeepLink.debug.xcconfig */ = {isa = PBXFileReference; includeInIndex = 1; lastKnownFileType = text.xcconfig; name = "Pods-MRTDeepLink.debug.xcconfig"; path = "Target Support Files/Pods-MRTDeepLink/Pods-MRTDeepLink.debug.xcconfig"; sourceTree = "<group>"; };
		1FA8B9AB593D3254D9CF0BEC /* Pods-CliqIt.debug.xcconfig */ = {isa = PBXFileReference; includeInIndex = 1; lastKnownFileType = text.xcconfig; name = "Pods-CliqIt.debug.xcconfig"; path = "Target Support Files/Pods-CliqIt/Pods-CliqIt.debug.xcconfig"; sourceTree = "<group>"; };
		362A6C1AA0216FBD7F8FDB5B /* Pods-CliqItTests.release.xcconfig */ = {isa = PBXFileReference; includeInIndex = 1; lastKnownFileType = text.xcconfig; name = "Pods-CliqItTests.release.xcconfig"; path = "Target Support Files/Pods-CliqItTests/Pods-CliqItTests.release.xcconfig"; sourceTree = "<group>"; };
		368A0543092C7CA14B713E8F /* Pods_MRTDeepLinkUITests.framework */ = {isa = PBXFileReference; explicitFileType = wrapper.framework; includeInIndex = 0; path = Pods_MRTDeepLinkUITests.framework; sourceTree = BUILT_PRODUCTS_DIR; };
		3D4F4CFD7D6CADF70A1DFC60 /* Pods-CliqIt.release.xcconfig */ = {isa = PBXFileReference; includeInIndex = 1; lastKnownFileType = text.xcconfig; name = "Pods-CliqIt.release.xcconfig"; path = "Target Support Files/Pods-CliqIt/Pods-CliqIt.release.xcconfig"; sourceTree = "<group>"; };
		55ECD6A24F6353F729AA9807 /* Pods-MRTDeepLink.release.xcconfig */ = {isa = PBXFileReference; includeInIndex = 1; lastKnownFileType = text.xcconfig; name = "Pods-MRTDeepLink.release.xcconfig"; path = "Target Support Files/Pods-MRTDeepLink/Pods-MRTDeepLink.release.xcconfig"; sourceTree = "<group>"; };
		60EC8A094788C4AAA5BFC01B /* Pods-CliqItUITests.release.xcconfig */ = {isa = PBXFileReference; includeInIndex = 1; lastKnownFileType = text.xcconfig; name = "Pods-CliqItUITests.release.xcconfig"; path = "Target Support Files/Pods-CliqItUITests/Pods-CliqItUITests.release.xcconfig"; sourceTree = "<group>"; };
		8F09831C82EFC733DF2BFE3E /* Pods-MRTDeepLinkUITests.release.xcconfig */ = {isa = PBXFileReference; includeInIndex = 1; lastKnownFileType = text.xcconfig; name = "Pods-MRTDeepLinkUITests.release.xcconfig"; path = "Target Support Files/Pods-MRTDeepLinkUITests/Pods-MRTDeepLinkUITests.release.xcconfig"; sourceTree = "<group>"; };
		932D08A82FE9032F00B50EBC /* CliqItInstallDeviceInfo.swift */ = {isa = PBXFileReference; lastKnownFileType = sourcecode.swift; path = CliqItInstallDeviceInfo.swift; sourceTree = "<group>"; };
		932D08A92FE9032F00B50EBC /* CliqItLogger.swift */ = {isa = PBXFileReference; lastKnownFileType = sourcecode.swift; path = CliqItLogger.swift; sourceTree = "<group>"; };
		93314AC72FE15E38005F6765 /* CliqItSceneSupport.swift */ = {isa = PBXFileReference; lastKnownFileType = sourcecode.swift; path = CliqItSceneSupport.swift; sourceTree = "<group>"; };
		93314B512FE16460005F6765 /* CliqItRequestAuth.swift */ = {isa = PBXFileReference; lastKnownFileType = sourcecode.swift; path = CliqItRequestAuth.swift; sourceTree = "<group>"; };
		935A1C833004ABE600013F9E /* CliqItNetworkInfo.swift */ = {isa = PBXFileReference; lastKnownFileType = sourcecode.swift; path = CliqItNetworkInfo.swift; sourceTree = "<group>"; };
		935A1C843004ABE600013F9E /* CliqItWebFingerprintCollector.swift */ = {isa = PBXFileReference; lastKnownFileType = sourcecode.swift; path = CliqItWebFingerprintCollector.swift; sourceTree = "<group>"; };
		935AC2C330064311004D9A88 /* CliqItCombinedFingerprint.swift */ = {isa = PBXFileReference; lastKnownFileType = sourcecode.swift; path = CliqItCombinedFingerprint.swift; sourceTree = "<group>"; };
		935AC2C430064311004D9A88 /* CliqItDeferredMatch.swift */ = {isa = PBXFileReference; lastKnownFileType = sourcecode.swift; path = CliqItDeferredMatch.swift; sourceTree = "<group>"; };
		93BC69CA2FED3920001F9C16 /* CliqItURLSessionRetry.swift */ = {isa = PBXFileReference; lastKnownFileType = sourcecode.swift; path = CliqItURLSessionRetry.swift; sourceTree = "<group>"; };
		93ECDFCE2FDFC03900B67C81 /* MRTDeepLink.app */ = {isa = PBXFileReference; explicitFileType = wrapper.application; includeInIndex = 0; path = MRTDeepLink.app; sourceTree = BUILT_PRODUCTS_DIR; };
		93ECDFDB2FDFC03A00B67C81 /* MRTDeepLinkTests.xctest */ = {isa = PBXFileReference; explicitFileType = wrapper.cfbundle; includeInIndex = 0; path = MRTDeepLinkTests.xctest; sourceTree = BUILT_PRODUCTS_DIR; };
		93ECDFE52FDFC03A00B67C81 /* MRTDeepLinkUITests.xctest */ = {isa = PBXFileReference; explicitFileType = wrapper.cfbundle; includeInIndex = 0; path = MRTDeepLinkUITests.xctest; sourceTree = BUILT_PRODUCTS_DIR; };
		93ECE0322FDFC44C00B67C81 /* CliqIt.swift */ = {isa = PBXFileReference; lastKnownFileType = sourcecode.swift; path = CliqIt.swift; sourceTree = "<group>"; };
		93ECE0332FDFC44C00B67C81 /* CliqItConfiguration.swift */ = {isa = PBXFileReference; lastKnownFileType = sourcecode.swift; path = CliqItConfiguration.swift; sourceTree = "<group>"; };
		93ECE0342FDFC44C00B67C81 /* CliqItParser.swift */ = {isa = PBXFileReference; lastKnownFileType = sourcecode.swift; path = CliqItParser.swift; sourceTree = "<group>"; };
		93ECE0352FDFC44C00B67C81 /* CliqItPayload.swift */ = {isa = PBXFileReference; lastKnownFileType = sourcecode.swift; path = CliqItPayload.swift; sourceTree = "<group>"; };
		93ECE0372FDFC44C00B67C81 /* CliqItModifier.swift */ = {isa = PBXFileReference; lastKnownFileType = sourcecode.swift; path = CliqItModifier.swift; sourceTree = "<group>"; };
		93ECE03A2FDFC44C00B67C81 /* LICENSE */ = {isa = PBXFileReference; lastKnownFileType = text; path = LICENSE; sourceTree = "<group>"; };
		93ECE03B2FDFC44C00B67C81 /* CliqIt.podspec */ = {isa = PBXFileReference; lastKnownFileType = text; path = CliqIt.podspec; sourceTree = "<group>"; };
		93ECE03C2FDFC44C00B67C81 /* README.md */ = {isa = PBXFileReference; lastKnownFileType = net.daringfireball.markdown; path = README.md; sourceTree = "<group>"; };
		93ECE10D2FE0206500B67C81 /* CliqItDefaults.swift */ = {isa = PBXFileReference; lastKnownFileType = sourcecode.swift; path = CliqItDefaults.swift; sourceTree = "<group>"; };
		93ECE10F2FE0206500B67C81 /* CliqItSmartLinkBuilder.swift */ = {isa = PBXFileReference; lastKnownFileType = sourcecode.swift; path = CliqItSmartLinkBuilder.swift; sourceTree = "<group>"; };
		93ECE1102FE0206500B67C81 /* CliqItSmartLinkConfiguration.swift */ = {isa = PBXFileReference; lastKnownFileType = sourcecode.swift; path = CliqItSmartLinkConfiguration.swift; sourceTree = "<group>"; };
		9A3876C570E6FB9E46A6DEBD /* Pods_MRTDeepLinkTests.framework */ = {isa = PBXFileReference; explicitFileType = wrapper.framework; includeInIndex = 0; path = Pods_MRTDeepLinkTests.framework; sourceTree = BUILT_PRODUCTS_DIR; };
		A1032D5D9445FD69E7F2B19A /* Pods-CliqItTests.debug.xcconfig */ = {isa = PBXFileReference; includeInIndex = 1; lastKnownFileType = text.xcconfig; name = "Pods-CliqItTests.debug.xcconfig"; path = "Target Support Files/Pods-CliqItTests/Pods-CliqItTests.debug.xcconfig"; sourceTree = "<group>"; };
		B9318208DEBC003EFD2C048A /* Pods-CliqItUITests.debug.xcconfig */ = {isa = PBXFileReference; includeInIndex = 1; lastKnownFileType = text.xcconfig; name = "Pods-CliqItUITests.debug.xcconfig"; path = "Target Support Files/Pods-CliqItUITests/Pods-CliqItUITests.debug.xcconfig"; sourceTree = "<group>"; };
		BC31B125AEB558FC8061A89E /* Pods-MRTDeepLinkTests.debug.xcconfig */ = {isa = PBXFileReference; includeInIndex = 1; lastKnownFileType = text.xcconfig; name = "Pods-MRTDeepLinkTests.debug.xcconfig"; path = "Target Support Files/Pods-MRTDeepLinkTests/Pods-MRTDeepLinkTests.debug.xcconfig"; sourceTree = "<group>"; };
		BD8FCE890B90A79C7600551D /* Pods-MRTDeepLinkTests.release.xcconfig */ = {isa = PBXFileReference; includeInIndex = 1; lastKnownFileType = text.xcconfig; name = "Pods-MRTDeepLinkTests.release.xcconfig"; path = "Target Support Files/Pods-MRTDeepLinkTests/Pods-MRTDeepLinkTests.release.xcconfig"; sourceTree = "<group>"; };
		D17958F118084C4ABD1FD4D6 /* Pods_MRTDeepLink.framework */ = {isa = PBXFileReference; explicitFileType = wrapper.framework; includeInIndex = 0; path = Pods_MRTDeepLink.framework; sourceTree = BUILT_PRODUCTS_DIR; };
		FCFC30B1D520DC6A65BCD870 /* Pods-MRTDeepLinkUITests.debug.xcconfig */ = {isa = PBXFileReference; includeInIndex = 1; lastKnownFileType = text.xcconfig; name = "Pods-MRTDeepLinkUITests.debug.xcconfig"; path = "Target Support Files/Pods-MRTDeepLinkUITests/Pods-MRTDeepLinkUITests.debug.xcconfig"; sourceTree = "<group>"; };
/* End PBXFileReference section */

/* Begin PBXFileSystemSynchronizedBuildFileExceptionSet section */
		93ECDFD12FDFC03900B67C81 /* Exceptions for "MRTDeepLink" folder in "MRTDeepLink" target */ = {
			isa = PBXFileSystemSynchronizedBuildFileExceptionSet;
			membershipExceptions = (
				Info.plist,
			);
			target = 93ECDFCD2FDFC03900B67C81 /* MRTDeepLink */;
		};
/* End PBXFileSystemSynchronizedBuildFileExceptionSet section */

/* Begin PBXFileSystemSynchronizedRootGroup section */
		93ECDFD02FDFC03900B67C81 /* MRTDeepLink */ = {
			isa = PBXFileSystemSynchronizedRootGroup;
			exceptions = (
				93ECDFD12FDFC03900B67C81 /* Exceptions for "MRTDeepLink" folder in "MRTDeepLink" target */,
			);
			path = MRTDeepLink;
			sourceTree = "<group>";
		};
		93ECDFDE2FDFC03A00B67C81 /* MRTDeepLinkTests */ = {
			isa = PBXFileSystemSynchronizedRootGroup;
			exceptions = (
			);
			path = MRTDeepLinkTests;
			sourceTree = "<group>";
		};
		93ECDFE82FDFC03A00B67C81 /* MRTDeepLinkUITests */ = {
			isa = PBXFileSystemSynchronizedRootGroup;
			exceptions = (
			);
			path = MRTDeepLinkUITests;
			sourceTree = "<group>";
		};
/* End PBXFileSystemSynchronizedRootGroup section */

/* Begin PBXFrameworksBuildPhase section */
		93ECDFCB2FDFC03900B67C81 /* Frameworks */ = {
			isa = PBXFrameworksBuildPhase;
			buildActionMask = 2147483647;
			files = (
				13C668F6ABE93178E71B3A19 /* Pods_MRTDeepLink.framework in Frameworks */,
			);
			runOnlyForDeploymentPostprocessing = 0;
		};
		93ECDFD82FDFC03A00B67C81 /* Frameworks */ = {
			isa = PBXFrameworksBuildPhase;
			buildActionMask = 2147483647;
			files = (
				A76B799D988E6E6D2C8A7793 /* Pods_MRTDeepLinkTests.framework in Frameworks */,
			);
			runOnlyForDeploymentPostprocessing = 0;
		};
		93ECDFE22FDFC03A00B67C81 /* Frameworks */ = {
			isa = PBXFrameworksBuildPhase;
			buildActionMask = 2147483647;
			files = (
				0680FC788A76E533D8847C7A /* Pods_MRTDeepLinkUITests.framework in Frameworks */,
			);
			runOnlyForDeploymentPostprocessing = 0;
		};
/* End PBXFrameworksBuildPhase section */

/* Begin PBXGroup section */
		174C3DC3A81FC15AAB327A19 /* Pods */ = {
			isa = PBXGroup;
			children = (
				1FA8B9AB593D3254D9CF0BEC /* Pods-CliqIt.debug.xcconfig */,
				3D4F4CFD7D6CADF70A1DFC60 /* Pods-CliqIt.release.xcconfig */,
				A1032D5D9445FD69E7F2B19A /* Pods-CliqItTests.debug.xcconfig */,
				362A6C1AA0216FBD7F8FDB5B /* Pods-CliqItTests.release.xcconfig */,
				B9318208DEBC003EFD2C048A /* Pods-CliqItUITests.debug.xcconfig */,
				60EC8A094788C4AAA5BFC01B /* Pods-CliqItUITests.release.xcconfig */,
				1E332DC291DBFFD0B41A02DF /* Pods-MRTDeepLink.debug.xcconfig */,
				55ECD6A24F6353F729AA9807 /* Pods-MRTDeepLink.release.xcconfig */,
				BC31B125AEB558FC8061A89E /* Pods-MRTDeepLinkTests.debug.xcconfig */,
				BD8FCE890B90A79C7600551D /* Pods-MRTDeepLinkTests.release.xcconfig */,
				FCFC30B1D520DC6A65BCD870 /* Pods-MRTDeepLinkUITests.debug.xcconfig */,
				8F09831C82EFC733DF2BFE3E /* Pods-MRTDeepLinkUITests.release.xcconfig */,
			);
			path = Pods;
			sourceTree = "<group>";
		};
		93ECDFC52FDFC03900B67C81 = {
			isa = PBXGroup;
			children = (
				93ECE03D2FDFC44C00B67C81 /* CliqIt */,
				93ECDFD02FDFC03900B67C81 /* MRTDeepLink */,
				93ECDFDE2FDFC03A00B67C81 /* MRTDeepLinkTests */,
				93ECDFE82FDFC03A00B67C81 /* MRTDeepLinkUITests */,
				93ECDFCF2FDFC03900B67C81 /* Products */,
				174C3DC3A81FC15AAB327A19 /* Pods */,
				C19F9ACA55EC43793C1BF048 /* Frameworks */,
			);
			sourceTree = "<group>";
		};
		93ECDFCF2FDFC03900B67C81 /* Products */ = {
			isa = PBXGroup;
			children = (
				93ECDFCE2FDFC03900B67C81 /* MRTDeepLink.app */,
				93ECDFDB2FDFC03A00B67C81 /* MRTDeepLinkTests.xctest */,
				93ECDFE52FDFC03A00B67C81 /* MRTDeepLinkUITests.xctest */,
			);
			name = Products;
			sourceTree = "<group>";
		};
		93ECE0362FDFC44C00B67C81 /* Classes */ = {
			isa = PBXGroup;
			children = (
				935AC2C330064311004D9A88 /* CliqItCombinedFingerprint.swift */,
				935AC2C430064311004D9A88 /* CliqItDeferredMatch.swift */,
				935A1C833004ABE600013F9E /* CliqItNetworkInfo.swift */,
				935A1C843004ABE600013F9E /* CliqItWebFingerprintCollector.swift */,
				93BC69CA2FED3920001F9C16 /* CliqItURLSessionRetry.swift */,
				932D08A82FE9032F00B50EBC /* CliqItInstallDeviceInfo.swift */,
				932D08A92FE9032F00B50EBC /* CliqItLogger.swift */,
				93314B512FE16460005F6765 /* CliqItRequestAuth.swift */,
				93314AC72FE15E38005F6765 /* CliqItSceneSupport.swift */,
				93ECE10D2FE0206500B67C81 /* CliqItDefaults.swift */,
				93ECE10F2FE0206500B67C81 /* CliqItSmartLinkBuilder.swift */,
				93ECE1102FE0206500B67C81 /* CliqItSmartLinkConfiguration.swift */,
				93ECE0322FDFC44C00B67C81 /* CliqIt.swift */,
				93ECE0332FDFC44C00B67C81 /* CliqItConfiguration.swift */,
				93ECE0342FDFC44C00B67C81 /* CliqItParser.swift */,
				93ECE0352FDFC44C00B67C81 /* CliqItPayload.swift */,
			);
			path = Classes;
			sourceTree = "<group>";
		};
		93ECE0382FDFC44C00B67C81 /* SwiftUI */ = {
			isa = PBXGroup;
			children = (
				93ECE0372FDFC44C00B67C81 /* CliqItModifier.swift */,
			);
			path = SwiftUI;
			sourceTree = "<group>";
		};
		93ECE0392FDFC44C00B67C81 /* CliqIt */ = {
			isa = PBXGroup;
			children = (
				93ECE0362FDFC44C00B67C81 /* Classes */,
				93ECE0382FDFC44C00B67C81 /* SwiftUI */,
			);
			path = CliqIt;
			sourceTree = "<group>";
		};
		93ECE03D2FDFC44C00B67C81 /* CliqIt */ = {
			isa = PBXGroup;
			children = (
				93ECE0392FDFC44C00B67C81 /* CliqIt */,
				93ECE03A2FDFC44C00B67C81 /* LICENSE */,
				93ECE03B2FDFC44C00B67C81 /* CliqIt.podspec */,
				93ECE03C2FDFC44C00B67C81 /* README.md */,
			);
			path = CliqIt;
			sourceTree = "<group>";
		};
		C19F9ACA55EC43793C1BF048 /* Frameworks */ = {
			isa = PBXGroup;
			children = (
				D17958F118084C4ABD1FD4D6 /* Pods_MRTDeepLink.framework */,
				9A3876C570E6FB9E46A6DEBD /* Pods_MRTDeepLinkTests.framework */,
				368A0543092C7CA14B713E8F /* Pods_MRTDeepLinkUITests.framework */,
			);
			name = Frameworks;
			sourceTree = "<group>";
		};
/* End PBXGroup section */

/* Begin PBXNativeTarget section */
		93ECDFCD2FDFC03900B67C81 /* MRTDeepLink */ = {
			isa = PBXNativeTarget;
			buildConfigurationList = 93ECDFEF2FDFC03A00B67C81 /* Build configuration list for PBXNativeTarget "MRTDeepLink" */;
			buildPhases = (
				4BBB782CC0E1AC68E3132634 /* [CP] Check Pods Manifest.lock */,
				93ECDFCA2FDFC03900B67C81 /* Sources */,
				93ECDFCB2FDFC03900B67C81 /* Frameworks */,
				93ECDFCC2FDFC03900B67C81 /* Resources */,
				B19C2BFD7AFE39565425C726 /* [CP] Embed Pods Frameworks */,
			);
			buildRules = (
			);
			dependencies = (
			);
			fileSystemSynchronizedGroups = (
				93ECDFD02FDFC03900B67C81 /* MRTDeepLink */,
			);
			name = MRTDeepLink;
			productName = MRTDeepLink;
			productReference = 93ECDFCE2FDFC03900B67C81 /* MRTDeepLink.app */;
			productType = "com.apple.product-type.application";
		};
		93ECDFDA2FDFC03A00B67C81 /* MRTDeepLinkTests */ = {
			isa = PBXNativeTarget;
			buildConfigurationList = 93ECDFF22FDFC03A00B67C81 /* Build configuration list for PBXNativeTarget "MRTDeepLinkTests" */;
			buildPhases = (
				C1B41154CE651913E5456323 /* [CP] Check Pods Manifest.lock */,
				93ECDFD72FDFC03A00B67C81 /* Sources */,
				93ECDFD82FDFC03A00B67C81 /* Frameworks */,
				93ECDFD92FDFC03A00B67C81 /* Resources */,
			);
			buildRules = (
			);
			dependencies = (
				93ECDFDD2FDFC03A00B67C81 /* PBXTargetDependency */,
			);
			fileSystemSynchronizedGroups = (
				93ECDFDE2FDFC03A00B67C81 /* MRTDeepLinkTests */,
			);
			name = MRTDeepLinkTests;
			productName = MRTDeepLinkTests;
			productReference = 93ECDFDB2FDFC03A00B67C81 /* MRTDeepLinkTests.xctest */;
			productType = "com.apple.product-type.bundle.unit-test";
		};
		93ECDFE42FDFC03A00B67C81 /* MRTDeepLinkUITests */ = {
			isa = PBXNativeTarget;
			buildConfigurationList = 93ECDFF52FDFC03A00B67C81 /* Build configuration list for PBXNativeTarget "MRTDeepLinkUITests" */;
			buildPhases = (
				CE4C101973D467ACFF6E09F3 /* [CP] Check Pods Manifest.lock */,
				93ECDFE12FDFC03A00B67C81 /* Sources */,
				93ECDFE22FDFC03A00B67C81 /* Frameworks */,
				93ECDFE32FDFC03A00B67C81 /* Resources */,
			);
			buildRules = (
			);
			dependencies = (
				93ECDFE72FDFC03A00B67C81 /* PBXTargetDependency */,
			);
			fileSystemSynchronizedGroups = (
				93ECDFE82FDFC03A00B67C81 /* MRTDeepLinkUITests */,
			);
			name = MRTDeepLinkUITests;
			productName = MRTDeepLinkUITests;
			productReference = 93ECDFE52FDFC03A00B67C81 /* MRTDeepLinkUITests.xctest */;
			productType = "com.apple.product-type.bundle.ui-testing";
		};
/* End PBXNativeTarget section */

/* Begin PBXProject section */
		93ECDFC62FDFC03900B67C81 /* Project object */ = {
			isa = PBXProject;
			attributes = {
				BuildIndependentTargetsInParallel = 1;
				LastSwiftUpdateCheck = 2610;
				LastUpgradeCheck = 2610;
				TargetAttributes = {
					93ECDFCD2FDFC03900B67C81 = {
						CreatedOnToolsVersion = 26.1.1;
					};
					93ECDFDA2FDFC03A00B67C81 = {
						CreatedOnToolsVersion = 26.1.1;
						TestTargetID = 93ECDFCD2FDFC03900B67C81;
					};
					93ECDFE42FDFC03A00B67C81 = {
						CreatedOnToolsVersion = 26.1.1;
						TestTargetID = 93ECDFCD2FDFC03900B67C81;
					};
				};
			};
			buildConfigurationList = 93ECDFC92FDFC03900B67C81 /* Build configuration list for PBXProject "MRTDeepLink" */;
			developmentRegion = en;
			hasScannedForEncodings = 0;
			knownRegions = (
				en,
				Base,
			);
			mainGroup = 93ECDFC52FDFC03900B67C81;
			minimizedProjectReferenceProxies = 1;
			preferredProjectObjectVersion = 77;
			productRefGroup = 93ECDFCF2FDFC03900B67C81 /* Products */;
			projectDirPath = "";
			projectRoot = "";
			targets = (
				93ECDFCD2FDFC03900B67C81 /* MRTDeepLink */,
				93ECDFDA2FDFC03A00B67C81 /* MRTDeepLinkTests */,
				93ECDFE42FDFC03A00B67C81 /* MRTDeepLinkUITests */,
			);
		};
/* End PBXProject section */

/* Begin PBXResourcesBuildPhase section */
		93ECDFCC2FDFC03900B67C81 /* Resources */ = {
			isa = PBXResourcesBuildPhase;
			buildActionMask = 2147483647;
			files = (
			);
			runOnlyForDeploymentPostprocessing = 0;
		};
		93ECDFD92FDFC03A00B67C81 /* Resources */ = {
			isa = PBXResourcesBuildPhase;
			buildActionMask = 2147483647;
			files = (
			);
			runOnlyForDeploymentPostprocessing = 0;
		};
		93ECDFE32FDFC03A00B67C81 /* Resources */ = {
			isa = PBXResourcesBuildPhase;
			buildActionMask = 2147483647;
			files = (
			);
			runOnlyForDeploymentPostprocessing = 0;
		};
/* End PBXResourcesBuildPhase section */

/* Begin PBXShellScriptBuildPhase section */
		4BBB782CC0E1AC68E3132634 /* [CP] Check Pods Manifest.lock */ = {
			isa = PBXShellScriptBuildPhase;
			buildActionMask = 2147483647;
			files = (
			);
			inputFileListPaths = (
			);
			inputPaths = (
				"${PODS_PODFILE_DIR_PATH}/Podfile.lock",
				"${PODS_ROOT}/Manifest.lock",
			);
			name = "[CP] Check Pods Manifest.lock";
			outputFileListPaths = (
			);
			outputPaths = (
				"$(DERIVED_FILE_DIR)/Pods-MRTDeepLink-checkManifestLockResult.txt",
			);
			runOnlyForDeploymentPostprocessing = 0;
			shellPath = /bin/sh;
			shellScript = "diff \"${PODS_PODFILE_DIR_PATH}/Podfile.lock\" \"${PODS_ROOT}/Manifest.lock\" > /dev/null\nif [ $? != 0 ] ; then\n    # print error to STDERR\n    echo \"error: The sandbox is not in sync with the Podfile.lock. Run 'pod install' or update your CocoaPods installation.\" >&2\n    exit 1\nfi\n# This output is used by Xcode 'outputs' to avoid re-running this script phase.\necho \"SUCCESS\" > \"${SCRIPT_OUTPUT_FILE_0}\"\n";
			showEnvVarsInLog = 0;
		};
		B19C2BFD7AFE39565425C726 /* [CP] Embed Pods Frameworks */ = {
			isa = PBXShellScriptBuildPhase;
			buildActionMask = 2147483647;
			files = (
			);
			inputFileListPaths = (
				"${PODS_ROOT}/Target Support Files/Pods-MRTDeepLink/Pods-MRTDeepLink-frameworks-${CONFIGURATION}-input-files.xcfilelist",
			);
			name = "[CP] Embed Pods Frameworks";
			outputFileListPaths = (
				"${PODS_ROOT}/Target Support Files/Pods-MRTDeepLink/Pods-MRTDeepLink-frameworks-${CONFIGURATION}-output-files.xcfilelist",
			);
			runOnlyForDeploymentPostprocessing = 0;
			shellPath = /bin/sh;
			shellScript = "\"${PODS_ROOT}/Target Support Files/Pods-MRTDeepLink/Pods-MRTDeepLink-frameworks.sh\"\n";
			showEnvVarsInLog = 0;
		};
		C1B41154CE651913E5456323 /* [CP] Check Pods Manifest.lock */ = {
			isa = PBXShellScriptBuildPhase;
			buildActionMask = 2147483647;
			files = (
			);
			inputFileListPaths = (
			);
			inputPaths = (
				"${PODS_PODFILE_DIR_PATH}/Podfile.lock",
				"${PODS_ROOT}/Manifest.lock",
			);
			name = "[CP] Check Pods Manifest.lock";
			outputFileListPaths = (
			);
			outputPaths = (
				"$(DERIVED_FILE_DIR)/Pods-MRTDeepLinkTests-checkManifestLockResult.txt",
			);
			runOnlyForDeploymentPostprocessing = 0;
			shellPath = /bin/sh;
			shellScript = "diff \"${PODS_PODFILE_DIR_PATH}/Podfile.lock\" \"${PODS_ROOT}/Manifest.lock\" > /dev/null\nif [ $? != 0 ] ; then\n    # print error to STDERR\n    echo \"error: The sandbox is not in sync with the Podfile.lock. Run 'pod install' or update your CocoaPods installation.\" >&2\n    exit 1\nfi\n# This output is used by Xcode 'outputs' to avoid re-running this script phase.\necho \"SUCCESS\" > \"${SCRIPT_OUTPUT_FILE_0}\"\n";
			showEnvVarsInLog = 0;
		};
		CE4C101973D467ACFF6E09F3 /* [CP] Check Pods Manifest.lock */ = {
			isa = PBXShellScriptBuildPhase;
			buildActionMask = 2147483647;
			files = (
			);
			inputFileListPaths = (
			);
			inputPaths = (
				"${PODS_PODFILE_DIR_PATH}/Podfile.lock",
				"${PODS_ROOT}/Manifest.lock",
			);
			name = "[CP] Check Pods Manifest.lock";
			outputFileListPaths = (
			);
			outputPaths = (
				"$(DERIVED_FILE_DIR)/Pods-MRTDeepLinkUITests-checkManifestLockResult.txt",
			);
			runOnlyForDeploymentPostprocessing = 0;
			shellPath = /bin/sh;
			shellScript = "diff \"${PODS_PODFILE_DIR_PATH}/Podfile.lock\" \"${PODS_ROOT}/Manifest.lock\" > /dev/null\nif [ $? != 0 ] ; then\n    # print error to STDERR\n    echo \"error: The sandbox is not in sync with the Podfile.lock. Run 'pod install' or update your CocoaPods installation.\" >&2\n    exit 1\nfi\n# This output is used by Xcode 'outputs' to avoid re-running this script phase.\necho \"SUCCESS\" > \"${SCRIPT_OUTPUT_FILE_0}\"\n";
			showEnvVarsInLog = 0;
		};
/* End PBXShellScriptBuildPhase section */

/* Begin PBXSourcesBuildPhase section */
		93ECDFCA2FDFC03900B67C81 /* Sources */ = {
			isa = PBXSourcesBuildPhase;
			buildActionMask = 2147483647;
			files = (
			);
			runOnlyForDeploymentPostprocessing = 0;
		};
		93ECDFD72FDFC03A00B67C81 /* Sources */ = {
			isa = PBXSourcesBuildPhase;
			buildActionMask = 2147483647;
			files = (
			);
			runOnlyForDeploymentPostprocessing = 0;
		};
		93ECDFE12FDFC03A00B67C81 /* Sources */ = {
			isa = PBXSourcesBuildPhase;
			buildActionMask = 2147483647;
			files = (
			);
			runOnlyForDeploymentPostprocessing = 0;
		};
/* End PBXSourcesBuildPhase section */

/* Begin PBXTargetDependency section */
		93ECDFDD2FDFC03A00B67C81 /* PBXTargetDependency */ = {
			isa = PBXTargetDependency;
			target = 93ECDFCD2FDFC03900B67C81 /* MRTDeepLink */;
			targetProxy = 93ECDFDC2FDFC03A00B67C81 /* PBXContainerItemProxy */;
		};
		93ECDFE72FDFC03A00B67C81 /* PBXTargetDependency */ = {
			isa = PBXTargetDependency;
			target = 93ECDFCD2FDFC03900B67C81 /* MRTDeepLink */;
			targetProxy = 93ECDFE62FDFC03A00B67C81 /* PBXContainerItemProxy */;
		};
/* End PBXTargetDependency section */

/* Begin XCBuildConfiguration section */
		93ECDFED2FDFC03A00B67C81 /* Debug */ = {
			isa = XCBuildConfiguration;
			buildSettings = {
				ALWAYS_SEARCH_USER_PATHS = NO;
				ASSETCATALOG_COMPILER_GENERATE_SWIFT_ASSET_SYMBOL_EXTENSIONS = YES;
				CLANG_ANALYZER_NONNULL = YES;
				CLANG_ANALYZER_NUMBER_OBJECT_CONVERSION = YES_AGGRESSIVE;
				CLANG_CXX_LANGUAGE_STANDARD = "gnu++20";
				CLANG_ENABLE_MODULES = YES;
				CLANG_ENABLE_OBJC_ARC = YES;
				CLANG_ENABLE_OBJC_WEAK = YES;
				CLANG_WARN_BLOCK_CAPTURE_AUTORELEASING = YES;
				CLANG_WARN_BOOL_CONVERSION = YES;
				CLANG_WARN_COMMA = YES;
				CLANG_WARN_CONSTANT_CONVERSION = YES;
				CLANG_WARN_DEPRECATED_OBJC_IMPLEMENTATIONS = YES;
				CLANG_WARN_DIRECT_OBJC_ISA_USAGE = YES_ERROR;
				CLANG_WARN_DOCUMENTATION_COMMENTS = YES;
				CLANG_WARN_EMPTY_BODY = YES;
				CLANG_WARN_ENUM_CONVERSION = YES;
				CLANG_WARN_INFINITE_RECURSION = YES;
				CLANG_WARN_INT_CONVERSION = YES;
				CLANG_WARN_NON_LITERAL_NULL_CONVERSION = YES;
				CLANG_WARN_OBJC_IMPLICIT_RETAIN_SELF = YES;
				CLANG_WARN_OBJC_LITERAL_CONVERSION = YES;
				CLANG_WARN_OBJC_ROOT_CLASS = YES_ERROR;
				CLANG_WARN_QUOTED_INCLUDE_IN_FRAMEWORK_HEADER = YES;
				CLANG_WARN_RANGE_LOOP_ANALYSIS = YES;
				CLANG_WARN_STRICT_PROTOTYPES = YES;
				CLANG_WARN_SUSPICIOUS_MOVE = YES;
				CLANG_WARN_UNGUARDED_AVAILABILITY = YES_AGGRESSIVE;
				CLANG_WARN_UNREACHABLE_CODE = YES;
				CLANG_WARN__DUPLICATE_METHOD_MATCH = YES;
				COPY_PHASE_STRIP = NO;
				DEBUG_INFORMATION_FORMAT = dwarf;
				ENABLE_STRICT_OBJC_MSGSEND = YES;
				ENABLE_TESTABILITY = YES;
				ENABLE_USER_SCRIPT_SANDBOXING = NO;
				GCC_C_LANGUAGE_STANDARD = gnu17;
				GCC_DYNAMIC_NO_PIC = NO;
				GCC_NO_COMMON_BLOCKS = YES;
				GCC_OPTIMIZATION_LEVEL = 0;
				GCC_PREPROCESSOR_DEFINITIONS = (
					"DEBUG=1",
					"$(inherited)",
				);
				GCC_WARN_64_TO_32_BIT_CONVERSION = YES;
				GCC_WARN_ABOUT_RETURN_TYPE = YES_ERROR;
				GCC_WARN_UNDECLARED_SELECTOR = YES;
				GCC_WARN_UNINITIALIZED_AUTOS = YES_AGGRESSIVE;
				GCC_WARN_UNUSED_FUNCTION = YES;
				GCC_WARN_UNUSED_VARIABLE = YES;
				IPHONEOS_DEPLOYMENT_TARGET = 26.1;
				LOCALIZATION_PREFERS_STRING_CATALOGS = YES;
				MTL_ENABLE_DEBUG_INFO = INCLUDE_SOURCE;
				MTL_FAST_MATH = YES;
				ONLY_ACTIVE_ARCH = YES;
				SDKROOT = iphoneos;
				SWIFT_ACTIVE_COMPILATION_CONDITIONS = "DEBUG $(inherited)";
				SWIFT_OPTIMIZATION_LEVEL = "-Onone";
			};
			name = Debug;
		};
		93ECDFEE2FDFC03A00B67C81 /* Release */ = {
			isa = XCBuildConfiguration;
			buildSettings = {
				ALWAYS_SEARCH_USER_PATHS = NO;
				ASSETCATALOG_COMPILER_GENERATE_SWIFT_ASSET_SYMBOL_EXTENSIONS = YES;
				CLANG_ANALYZER_NONNULL = YES;
				CLANG_ANALYZER_NUMBER_OBJECT_CONVERSION = YES_AGGRESSIVE;
				CLANG_CXX_LANGUAGE_STANDARD = "gnu++20";
				CLANG_ENABLE_MODULES = YES;
				CLANG_ENABLE_OBJC_ARC = YES;
				CLANG_ENABLE_OBJC_WEAK = YES;
				CLANG_WARN_BLOCK_CAPTURE_AUTORELEASING = YES;
				CLANG_WARN_BOOL_CONVERSION = YES;
				CLANG_WARN_COMMA = YES;
				CLANG_WARN_CONSTANT_CONVERSION = YES;
				CLANG_WARN_DEPRECATED_OBJC_IMPLEMENTATIONS = YES;
				CLANG_WARN_DIRECT_OBJC_ISA_USAGE = YES_ERROR;
				CLANG_WARN_DOCUMENTATION_COMMENTS = YES;
				CLANG_WARN_EMPTY_BODY = YES;
				CLANG_WARN_ENUM_CONVERSION = YES;
				CLANG_WARN_INFINITE_RECURSION = YES;
				CLANG_WARN_INT_CONVERSION = YES;
				CLANG_WARN_NON_LITERAL_NULL_CONVERSION = YES;
				CLANG_WARN_OBJC_IMPLICIT_RETAIN_SELF = YES;
				CLANG_WARN_OBJC_LITERAL_CONVERSION = YES;
				CLANG_WARN_OBJC_ROOT_CLASS = YES_ERROR;
				CLANG_WARN_QUOTED_INCLUDE_IN_FRAMEWORK_HEADER = YES;
				CLANG_WARN_RANGE_LOOP_ANALYSIS = YES;
				CLANG_WARN_STRICT_PROTOTYPES = YES;
				CLANG_WARN_SUSPICIOUS_MOVE = YES;
				CLANG_WARN_UNGUARDED_AVAILABILITY = YES_AGGRESSIVE;
				CLANG_WARN_UNREACHABLE_CODE = YES;
				CLANG_WARN__DUPLICATE_METHOD_MATCH = YES;
				COPY_PHASE_STRIP = NO;
				DEBUG_INFORMATION_FORMAT = "dwarf-with-dsym";
				ENABLE_NS_ASSERTIONS = NO;
				ENABLE_STRICT_OBJC_MSGSEND = YES;
				ENABLE_USER_SCRIPT_SANDBOXING = NO;
				GCC_C_LANGUAGE_STANDARD = gnu17;
				GCC_NO_COMMON_BLOCKS = YES;
				GCC_WARN_64_TO_32_BIT_CONVERSION = YES;
				GCC_WARN_ABOUT_RETURN_TYPE = YES_ERROR;
				GCC_WARN_UNDECLARED_SELECTOR = YES;
				GCC_WARN_UNINITIALIZED_AUTOS = YES_AGGRESSIVE;
				GCC_WARN_UNUSED_FUNCTION = YES;
				GCC_WARN_UNUSED_VARIABLE = YES;
				IPHONEOS_DEPLOYMENT_TARGET = 26.1;
				LOCALIZATION_PREFERS_STRING_CATALOGS = YES;
				MTL_ENABLE_DEBUG_INFO = NO;
				MTL_FAST_MATH = YES;
				SDKROOT = iphoneos;
				SWIFT_COMPILATION_MODE = wholemodule;
				VALIDATE_PRODUCT = YES;
			};
			name = Release;
		};
		93ECDFF02FDFC03A00B67C81 /* Debug */ = {
			isa = XCBuildConfiguration;
			baseConfigurationReference = 1E332DC291DBFFD0B41A02DF /* Pods-MRTDeepLink.debug.xcconfig */;
			buildSettings = {
				ASSETCATALOG_COMPILER_APPICON_NAME = AppIcon;
				ASSETCATALOG_COMPILER_GLOBAL_ACCENT_COLOR_NAME = AccentColor;
				CODE_SIGN_ENTITLEMENTS = MRTDeepLink/MRTDeepLink.entitlements;
				CODE_SIGN_STYLE = Automatic;
				CURRENT_PROJECT_VERSION = 4;
				DEVELOPMENT_TEAM = FZ4A29LK38;
				ENABLE_PREVIEWS = YES;
				ENABLE_USER_SCRIPT_SANDBOXING = NO;
				GENERATE_INFOPLIST_FILE = YES;
				INFOPLIST_FILE = MRTDeepLink/Info.plist;
				INFOPLIST_KEY_UIApplicationSceneManifest_Generation = YES;
				INFOPLIST_KEY_UIApplicationSupportsIndirectInputEvents = YES;
				INFOPLIST_KEY_UILaunchScreen_Generation = YES;
				INFOPLIST_KEY_UISupportedInterfaceOrientations = UIInterfaceOrientationPortrait;
				IPHONEOS_DEPLOYMENT_TARGET = 18.6;
				LD_RUNPATH_SEARCH_PATHS = (
					"$(inherited)",
					"@executable_path/Frameworks",
				);
				MARKETING_VERSION = 2.1.0;
				PRODUCT_BUNDLE_IDENTIFIER = com.testapp.mindroots;
				PRODUCT_NAME = "$(TARGET_NAME)";
				STRING_CATALOG_GENERATE_SYMBOLS = YES;
				SUPPORTED_PLATFORMS = "iphoneos iphonesimulator";
				SUPPORTS_MACCATALYST = NO;
				SUPPORTS_MAC_DESIGNED_FOR_IPHONE_IPAD = NO;
				SUPPORTS_XR_DESIGNED_FOR_IPHONE_IPAD = NO;
				SWIFT_APPROACHABLE_CONCURRENCY = YES;
				SWIFT_DEFAULT_ACTOR_ISOLATION = MainActor;
				SWIFT_EMIT_LOC_STRINGS = YES;
				SWIFT_UPCOMING_FEATURE_MEMBER_IMPORT_VISIBILITY = YES;
				SWIFT_VERSION = 5.0;
				TARGETED_DEVICE_FAMILY = 1;
			};
			name = Debug;
		};
		93ECDFF12FDFC03A00B67C81 /* Release */ = {
			isa = XCBuildConfiguration;
			baseConfigurationReference = 55ECD6A24F6353F729AA9807 /* Pods-MRTDeepLink.release.xcconfig */;
			buildSettings = {
				ASSETCATALOG_COMPILER_APPICON_NAME = AppIcon;
				ASSETCATALOG_COMPILER_GLOBAL_ACCENT_COLOR_NAME = AccentColor;
				CODE_SIGN_ENTITLEMENTS = MRTDeepLink/MRTDeepLink.entitlements;
				CODE_SIGN_STYLE = Automatic;
				CURRENT_PROJECT_VERSION = 4;
				DEVELOPMENT_TEAM = FZ4A29LK38;
				ENABLE_PREVIEWS = YES;
				ENABLE_USER_SCRIPT_SANDBOXING = NO;
				GENERATE_INFOPLIST_FILE = YES;
				INFOPLIST_FILE = MRTDeepLink/Info.plist;
				INFOPLIST_KEY_UIApplicationSceneManifest_Generation = YES;
				INFOPLIST_KEY_UIApplicationSupportsIndirectInputEvents = YES;
				INFOPLIST_KEY_UILaunchScreen_Generation = YES;
				INFOPLIST_KEY_UISupportedInterfaceOrientations = UIInterfaceOrientationPortrait;
				IPHONEOS_DEPLOYMENT_TARGET = 18.6;
				LD_RUNPATH_SEARCH_PATHS = (
					"$(inherited)",
					"@executable_path/Frameworks",
				);
				MARKETING_VERSION = 2.1.0;
				PRODUCT_BUNDLE_IDENTIFIER = com.testapp.mindroots;
				PRODUCT_NAME = "$(TARGET_NAME)";
				STRING_CATALOG_GENERATE_SYMBOLS = YES;
				SUPPORTED_PLATFORMS = "iphoneos iphonesimulator";
				SUPPORTS_MACCATALYST = NO;
				SUPPORTS_MAC_DESIGNED_FOR_IPHONE_IPAD = NO;
				SUPPORTS_XR_DESIGNED_FOR_IPHONE_IPAD = NO;
				SWIFT_APPROACHABLE_CONCURRENCY = YES;
				SWIFT_DEFAULT_ACTOR_ISOLATION = MainActor;
				SWIFT_EMIT_LOC_STRINGS = YES;
				SWIFT_UPCOMING_FEATURE_MEMBER_IMPORT_VISIBILITY = YES;
				SWIFT_VERSION = 5.0;
				TARGETED_DEVICE_FAMILY = 1;
			};
			name = Release;
		};
		93ECDFF32FDFC03A00B67C81 /* Debug */ = {
			isa = XCBuildConfiguration;
			baseConfigurationReference = BC31B125AEB558FC8061A89E /* Pods-MRTDeepLinkTests.debug.xcconfig */;
			buildSettings = {
				BUNDLE_LOADER = "$(TEST_HOST)";
				CODE_SIGN_STYLE = Automatic;
				CURRENT_PROJECT_VERSION = 1;
				ENABLE_USER_SCRIPT_SANDBOXING = NO;
				GENERATE_INFOPLIST_FILE = YES;
				IPHONEOS_DEPLOYMENT_TARGET = 26.1;
				MARKETING_VERSION = 1.0;
				PRODUCT_BUNDLE_IDENTIFIER = com.testapp.mindroots.tests;
				PRODUCT_NAME = "$(TARGET_NAME)";
				STRING_CATALOG_GENERATE_SYMBOLS = NO;
				SWIFT_APPROACHABLE_CONCURRENCY = YES;
				SWIFT_EMIT_LOC_STRINGS = NO;
				SWIFT_UPCOMING_FEATURE_MEMBER_IMPORT_VISIBILITY = YES;
				SWIFT_VERSION = 5.0;
				TARGETED_DEVICE_FAMILY = "1,2";
				TEST_HOST = "$(BUILT_PRODUCTS_DIR)/CliqIt.app/$(BUNDLE_EXECUTABLE_FOLDER_PATH)/CliqIt";
			};
			name = Debug;
		};
		93ECDFF42FDFC03A00B67C81 /* Release */ = {
			isa = XCBuildConfiguration;
			baseConfigurationReference = BD8FCE890B90A79C7600551D /* Pods-MRTDeepLinkTests.release.xcconfig */;
			buildSettings = {
				BUNDLE_LOADER = "$(TEST_HOST)";
				CODE_SIGN_STYLE = Automatic;
				CURRENT_PROJECT_VERSION = 1;
				ENABLE_USER_SCRIPT_SANDBOXING = NO;
				GENERATE_INFOPLIST_FILE = YES;
				IPHONEOS_DEPLOYMENT_TARGET = 26.1;
				MARKETING_VERSION = 1.0;
				PRODUCT_BUNDLE_IDENTIFIER = com.testapp.mindroots.tests;
				PRODUCT_NAME = "$(TARGET_NAME)";
				STRING_CATALOG_GENERATE_SYMBOLS = NO;
				SWIFT_APPROACHABLE_CONCURRENCY = YES;
				SWIFT_EMIT_LOC_STRINGS = NO;
				SWIFT_UPCOMING_FEATURE_MEMBER_IMPORT_VISIBILITY = YES;
				SWIFT_VERSION = 5.0;
				TARGETED_DEVICE_FAMILY = "1,2";
				TEST_HOST = "$(BUILT_PRODUCTS_DIR)/CliqIt.app/$(BUNDLE_EXECUTABLE_FOLDER_PATH)/CliqIt";
			};
			name = Release;
		};
		93ECDFF62FDFC03A00B67C81 /* Debug */ = {
			isa = XCBuildConfiguration;
			baseConfigurationReference = FCFC30B1D520DC6A65BCD870 /* Pods-MRTDeepLinkUITests.debug.xcconfig */;
			buildSettings = {
				CODE_SIGN_STYLE = Automatic;
				CURRENT_PROJECT_VERSION = 1;
				ENABLE_USER_SCRIPT_SANDBOXING = NO;
				GENERATE_INFOPLIST_FILE = YES;
				MARKETING_VERSION = 1.0;
				PRODUCT_BUNDLE_IDENTIFIER = com.testapp.mindroots.uitests;
				PRODUCT_NAME = "$(TARGET_NAME)";
				STRING_CATALOG_GENERATE_SYMBOLS = NO;
				SWIFT_APPROACHABLE_CONCURRENCY = YES;
				SWIFT_EMIT_LOC_STRINGS = NO;
				SWIFT_UPCOMING_FEATURE_MEMBER_IMPORT_VISIBILITY = YES;
				SWIFT_VERSION = 5.0;
				TARGETED_DEVICE_FAMILY = "1,2";
				TEST_TARGET_NAME = CliqIt;
			};
			name = Debug;
		};
		93ECDFF72FDFC03A00B67C81 /* Release */ = {
			isa = XCBuildConfiguration;
			baseConfigurationReference = 8F09831C82EFC733DF2BFE3E /* Pods-MRTDeepLinkUITests.release.xcconfig */;
			buildSettings = {
				CODE_SIGN_STYLE = Automatic;
				CURRENT_PROJECT_VERSION = 1;
				ENABLE_USER_SCRIPT_SANDBOXING = NO;
				GENERATE_INFOPLIST_FILE = YES;
				MARKETING_VERSION = 1.0;
				PRODUCT_BUNDLE_IDENTIFIER = com.testapp.mindroots.uitests;
				PRODUCT_NAME = "$(TARGET_NAME)";
				STRING_CATALOG_GENERATE_SYMBOLS = NO;
				SWIFT_APPROACHABLE_CONCURRENCY = YES;
				SWIFT_EMIT_LOC_STRINGS = NO;
				SWIFT_UPCOMING_FEATURE_MEMBER_IMPORT_VISIBILITY = YES;
				SWIFT_VERSION = 5.0;
				TARGETED_DEVICE_FAMILY = "1,2";
				TEST_TARGET_NAME = CliqIt;
			};
			name = Release;
		};
/* End XCBuildConfiguration section */

/* Begin XCConfigurationList section */
		93ECDFC92FDFC03900B67C81 /* Build configuration list for PBXProject "MRTDeepLink" */ = {
			isa = XCConfigurationList;
			buildConfigurations = (
				93ECDFED2FDFC03A00B67C81 /* Debug */,
				93ECDFEE2FDFC03A00B67C81 /* Release */,
			);
			defaultConfigurationIsVisible = 0;
			defaultConfigurationName = Release;
		};
		93ECDFEF2FDFC03A00B67C81 /* Build configuration list for PBXNativeTarget "MRTDeepLink" */ = {
			isa = XCConfigurationList;
			buildConfigurations = (
				93ECDFF02FDFC03A00B67C81 /* Debug */,
				93ECDFF12FDFC03A00B67C81 /* Release */,
			);
			defaultConfigurationIsVisible = 0;
			defaultConfigurationName = Release;
		};
		93ECDFF22FDFC03A00B67C81 /* Build configuration list for PBXNativeTarget "MRTDeepLinkTests" */ = {
			isa = XCConfigurationList;
			buildConfigurations = (
				93ECDFF32FDFC03A00B67C81 /* Debug */,
				93ECDFF42FDFC03A00B67C81 /* Release */,
			);
			defaultConfigurationIsVisible = 0;
			defaultConfigurationName = Release;
		};
		93ECDFF52FDFC03A00B67C81 /* Build configuration list for PBXNativeTarget "MRTDeepLinkUITests" */ = {
			isa = XCConfigurationList;
			buildConfigurations = (
				93ECDFF62FDFC03A00B67C81 /* Debug */,
				93ECDFF72FDFC03A00B67C81 /* Release */,
			);
			defaultConfigurationIsVisible = 0;
			defaultConfigurationName = Release;
		};
/* End XCConfigurationList section */
	};
	rootObject = 93ECDFC62FDFC03900B67C81 /* Project object */;
}
